
Microsoft Visual Studio Solution File, Format Version 12.00
# Visual Studio Version 17
VisualStudioVersion = 17.13.35818.85 d17.13
MinimumVisualStudioVersion = 10.0.40219.1
Project("{FAE04EC0-301F-11D3-BF4B-00C04F79EFBC}") = "Orchestrator", "Orchestrator.csproj", "{3863F187-DDF5-4D2B-ABC4-45054A477A90}"
EndProject
Global
	GlobalSection(SolutionConfigurationPlatforms) = preSolution
		Debug|Any CPU = Debug|Any CPU
		Release|Any CPU = Release|Any CPU
	EndGlobalSection
	GlobalSection(ProjectConfigurationPlatforms) = postSolution
		{3863F187-DDF5-4D2B-ABC4-45054A477A90}.Debug|Any CPU.ActiveCfg = Debug|Any CPU
		{3863F187-DDF5-4D2B-ABC4-45054A477A90}.Debug|Any CPU.Build.0 = Debug|Any CPU
		{3863F187-DDF5-4D2B-ABC4-45054A477A90}.Release|Any CPU.ActiveCfg = Release|Any CPU
		{3863F187-DDF5-4D2B-ABC4-45054A477A90}.Release|Any CPU.Build.0 = Release|Any CPU
	EndGlobalSection
	GlobalSection(SolutionProperties) = preSolution
		HideSolutionNode = FALSE
	EndGlobalSection
	GlobalSection(ExtensibilityGlobals) = postSolution
		SolutionGuid = {7F110E77-6288-42E3-A13B-80F2F8DF2CAF}
	EndGlobalSection
EndGlobal
